
Microsoft Visual Studio Solution File, Format Version 12.00
# Visual Studio Version 17
VisualStudioVersion = 17.9.34728.123
MinimumVisualStudioVersion = 10.0.40219.1
Project("{FAE04EC0-301F-11D3-BF4B-00C04F79EFBC}") = "ejemplo01", "ejemplo01.csproj", "{3A391C3B-50E8-41F3-B219-25F458647656}"
EndProject
Project("{FAE04EC0-301F-11D3-BF4B-00C04F79EFBC}") = "validarPass", "..\validarPass\validarPass.csproj", "{8951985D-C7CA-427F-B633-2B06088C7871}"
EndProject
Project("{FAE04EC0-301F-11D3-BF4B-00C04F79EFBC}") = "AppVentas", "..\AppVentas\AppVentas.csproj", "{8FBDF732-86A1-4D1C-AC8B-93A912764472}"
EndProject
Global
	GlobalSection(SolutionConfigurationPlatforms) = preSolution
		Debug|Any CPU = Debug|Any CPU
		Release|Any CPU = Release|Any CPU
	EndGlobalSection
	GlobalSection(ProjectConfigurationPlatforms) = postSolution
		{3A391C3B-50E8-41F3-B219-25F458647656}.Debug|Any CPU.ActiveCfg = Debug|Any CPU
		{3A391C3B-50E8-41F3-B219-25F458647656}.Debug|Any CPU.Build.0 = Debug|Any CPU
		{3A391C3B-50E8-41F3-B219-25F458647656}.Release|Any CPU.ActiveCfg = Release|Any CPU
		{3A391C3B-50E8-41F3-B219-25F458647656}.Release|Any CPU.Build.0 = Release|Any CPU
		{8951985D-C7CA-427F-B633-2B06088C7871}.Debug|Any CPU.ActiveCfg = Debug|Any CPU
		{8951985D-C7CA-427F-B633-2B06088C7871}.Debug|Any CPU.Build.0 = Debug|Any CPU
		{8951985D-C7CA-427F-B633-2B06088C7871}.Release|Any CPU.ActiveCfg = Release|Any CPU
		{8951985D-C7CA-427F-B633-2B06088C7871}.Release|Any CPU.Build.0 = Release|Any CPU
		{8FBDF732-86A1-4D1C-AC8B-93A912764472}.Debug|Any CPU.ActiveCfg = Debug|Any CPU
		{8FBDF732-86A1-4D1C-AC8B-93A912764472}.Debug|Any CPU.Build.0 = Debug|Any CPU
		{8FBDF732-86A1-4D1C-AC8B-93A912764472}.Release|Any CPU.ActiveCfg = Release|Any CPU
		{8FBDF732-86A1-4D1C-AC8B-93A912764472}.Release|Any CPU.Build.0 = Release|Any CPU
	EndGlobalSection
	GlobalSection(SolutionProperties) = preSolution
		HideSolutionNode = FALSE
	EndGlobalSection
	GlobalSection(ExtensibilityGlobals) = postSolution
		SolutionGuid = {FE6F87FA-CBF5-4384-9A05-95A3D87882BA}
	EndGlobalSection
EndGlobal
