
Microsoft Visual Studio Solution File, Format Version 12.00
# Visual Studio Version 17
VisualStudioVersion = 17.10.34916.146
MinimumVisualStudioVersion = 10.0.40219.1
Project("{FAE04EC0-301F-11D3-BF4B-00C04F79EFBC}") = "WinFormsApp2", "WinFormsApp2.csproj", "{5B9F044D-4B35-4D93-9B2C-F4A859BB8F79}"
EndProject
Global
	GlobalSection(SolutionConfigurationPlatforms) = preSolution
		Debug|Any CPU = Debug|Any CPU
		Release|Any CPU = Release|Any CPU
	EndGlobalSection
	GlobalSection(ProjectConfigurationPlatforms) = postSolution
		{5B9F044D-4B35-4D93-9B2C-F4A859BB8F79}.Debug|Any CPU.ActiveCfg = Debug|Any CPU
		{5B9F044D-4B35-4D93-9B2C-F4A859BB8F79}.Debug|Any CPU.Build.0 = Debug|Any CPU
		{5B9F044D-4B35-4D93-9B2C-F4A859BB8F79}.Release|Any CPU.ActiveCfg = Release|Any CPU
		{5B9F044D-4B35-4D93-9B2C-F4A859BB8F79}.Release|Any CPU.Build.0 = Release|Any CPU
	EndGlobalSection
	GlobalSection(SolutionProperties) = preSolution
		HideSolutionNode = FALSE
	EndGlobalSection
	GlobalSection(ExtensibilityGlobals) = postSolution
		SolutionGuid = {A262CDBC-09C6-4CA7-8946-202C5346E6A0}
	EndGlobalSection
EndGlobal
