
Microsoft Visual Studio Solution File, Format Version 12.00
# Visual Studio Version 17
VisualStudioVersion = 17.10.34916.146
MinimumVisualStudioVersion = 10.0.40219.1
Project("{9A19103F-16F7-4668-BE54-9A1E7A4F7556}") = "WinFormsApp3", "WinFormsApp3.csproj", "{85ED5CDA-6950-44E2-B88D-3EF3B3647803}"
EndProject
Project("{FAE04EC0-301F-11D3-BF4B-00C04F79EFBC}") = "WinFormsApp2", "..\WinFormsApp2\WinFormsApp2.csproj", "{48D24760-38C3-4E6B-8D11-6CD940378F49}"
EndProject
Global
	GlobalSection(SolutionConfigurationPlatforms) = preSolution
		Debug|Any CPU = Debug|Any CPU
		Release|Any CPU = Release|Any CPU
	EndGlobalSection
	GlobalSection(ProjectConfigurationPlatforms) = postSolution
		{85ED5CDA-6950-44E2-B88D-3EF3B3647803}.Debug|Any CPU.ActiveCfg = Debug|Any CPU
		{85ED5CDA-6950-44E2-B88D-3EF3B3647803}.Debug|Any CPU.Build.0 = Debug|Any CPU
		{85ED5CDA-6950-44E2-B88D-3EF3B3647803}.Release|Any CPU.ActiveCfg = Release|Any CPU
		{85ED5CDA-6950-44E2-B88D-3EF3B3647803}.Release|Any CPU.Build.0 = Release|Any CPU
		{48D24760-38C3-4E6B-8D11-6CD940378F49}.Debug|Any CPU.ActiveCfg = Debug|Any CPU
		{48D24760-38C3-4E6B-8D11-6CD940378F49}.Debug|Any CPU.Build.0 = Debug|Any CPU
		{48D24760-38C3-4E6B-8D11-6CD940378F49}.Release|Any CPU.ActiveCfg = Release|Any CPU
		{48D24760-38C3-4E6B-8D11-6CD940378F49}.Release|Any CPU.Build.0 = Release|Any CPU
	EndGlobalSection
	GlobalSection(SolutionProperties) = preSolution
		HideSolutionNode = FALSE
	EndGlobalSection
	GlobalSection(ExtensibilityGlobals) = postSolution
		SolutionGuid = {DA1127D0-CF03-4D7F-B205-6385F8924528}
	EndGlobalSection
EndGlobal
